
Microsoft Visual Studio Solution File, Format Version 12.00
# Visual Studio Version 17
VisualStudioVersion = 17.8.34525.116
MinimumVisualStudioVersion = 10.0.40219.1
Project("{FAE04EC0-301F-11D3-BF4B-00C04F79EFBC}") = "WinFormsApp4", "WinFormsApp4.csproj", "{2899799C-816A-47FB-AB35-426C492A6167}"
EndProject
Project("{FAE04EC0-301F-11D3-BF4B-00C04F79EFBC}") = "WinFormsApp5", "..\WinFormsApp5\WinFormsApp5.csproj", "{7736E077-10A9-44F6-80D0-D49FC64C36D6}"
EndProject
Global
	GlobalSection(SolutionConfigurationPlatforms) = preSolution
		Debug|Any CPU = Debug|Any CPU
		Release|Any CPU = Release|Any CPU
	EndGlobalSection
	GlobalSection(ProjectConfigurationPlatforms) = postSolution
		{2899799C-816A-47FB-AB35-426C492A6167}.Debug|Any CPU.ActiveCfg = Debug|Any CPU
		{2899799C-816A-47FB-AB35-426C492A6167}.Debug|Any CPU.Build.0 = Debug|Any CPU
		{2899799C-816A-47FB-AB35-426C492A6167}.Release|Any CPU.ActiveCfg = Release|Any CPU
		{2899799C-816A-47FB-AB35-426C492A6167}.Release|Any CPU.Build.0 = Release|Any CPU
		{7736E077-10A9-44F6-80D0-D49FC64C36D6}.Debug|Any CPU.ActiveCfg = Debug|Any CPU
		{7736E077-10A9-44F6-80D0-D49FC64C36D6}.Debug|Any CPU.Build.0 = Debug|Any CPU
		{7736E077-10A9-44F6-80D0-D49FC64C36D6}.Release|Any CPU.ActiveCfg = Release|Any CPU
		{7736E077-10A9-44F6-80D0-D49FC64C36D6}.Release|Any CPU.Build.0 = Release|Any CPU
	EndGlobalSection
	GlobalSection(SolutionProperties) = preSolution
		HideSolutionNode = FALSE
	EndGlobalSection
	GlobalSection(ExtensibilityGlobals) = postSolution
		SolutionGuid = {96CB2974-7B22-4323-90A9-143DDB3AE7B8}
	EndGlobalSection
EndGlobal
