
Microsoft Visual Studio Solution File, Format Version 12.00
# Visual Studio Version 17
VisualStudioVersion = 17.8.34525.116
MinimumVisualStudioVersion = 10.0.40219.1
Project("{9A19103F-16F7-4668-BE54-9A1E7A4F7556}") = "ex240219", "ex240219.csproj", "{07BDA6AD-40D2-446D-83CD-2735BF1C2FEB}"
EndProject
Project("{FAE04EC0-301F-11D3-BF4B-00C04F79EFBC}") = "WinFormsApp12", "..\WinFormsApp12\WinFormsApp12.csproj", "{B561A2F1-DFE4-4C95-AF9A-79579CD3B30F}"
EndProject
Global
	GlobalSection(SolutionConfigurationPlatforms) = preSolution
		Debug|Any CPU = Debug|Any CPU
		Release|Any CPU = Release|Any CPU
	EndGlobalSection
	GlobalSection(ProjectConfigurationPlatforms) = postSolution
		{07BDA6AD-40D2-446D-83CD-2735BF1C2FEB}.Debug|Any CPU.ActiveCfg = Debug|Any CPU
		{07BDA6AD-40D2-446D-83CD-2735BF1C2FEB}.Debug|Any CPU.Build.0 = Debug|Any CPU
		{07BDA6AD-40D2-446D-83CD-2735BF1C2FEB}.Release|Any CPU.ActiveCfg = Release|Any CPU
		{07BDA6AD-40D2-446D-83CD-2735BF1C2FEB}.Release|Any CPU.Build.0 = Release|Any CPU
		{B561A2F1-DFE4-4C95-AF9A-79579CD3B30F}.Debug|Any CPU.ActiveCfg = Debug|Any CPU
		{B561A2F1-DFE4-4C95-AF9A-79579CD3B30F}.Debug|Any CPU.Build.0 = Debug|Any CPU
		{B561A2F1-DFE4-4C95-AF9A-79579CD3B30F}.Release|Any CPU.ActiveCfg = Release|Any CPU
		{B561A2F1-DFE4-4C95-AF9A-79579CD3B30F}.Release|Any CPU.Build.0 = Release|Any CPU
	EndGlobalSection
	GlobalSection(SolutionProperties) = preSolution
		HideSolutionNode = FALSE
	EndGlobalSection
	GlobalSection(ExtensibilityGlobals) = postSolution
		SolutionGuid = {5401E922-F9D0-4AD0-B63B-2C1272658009}
	EndGlobalSection
EndGlobal
