
Microsoft Visual Studio Solution File, Format Version 12.00
# Visual Studio Version 17
VisualStudioVersion = 17.8.34525.116
MinimumVisualStudioVersion = 10.0.40219.1
Project("{FAE04EC0-301F-11D3-BF4B-00C04F79EFBC}") = "mdiProject", "mdiProject\mdiProject.csproj", "{89625CFD-6CC1-4E88-8F6B-7FE7065DFEB6}"
EndProject
Global
	GlobalSection(SolutionConfigurationPlatforms) = preSolution
		Debug|Any CPU = Debug|Any CPU
		Release|Any CPU = Release|Any CPU
	EndGlobalSection
	GlobalSection(ProjectConfigurationPlatforms) = postSolution
		{89625CFD-6CC1-4E88-8F6B-7FE7065DFEB6}.Debug|Any CPU.ActiveCfg = Debug|Any CPU
		{89625CFD-6CC1-4E88-8F6B-7FE7065DFEB6}.Debug|Any CPU.Build.0 = Debug|Any CPU
		{89625CFD-6CC1-4E88-8F6B-7FE7065DFEB6}.Release|Any CPU.ActiveCfg = Release|Any CPU
		{89625CFD-6CC1-4E88-8F6B-7FE7065DFEB6}.Release|Any CPU.Build.0 = Release|Any CPU
	EndGlobalSection
	GlobalSection(SolutionProperties) = preSolution
		HideSolutionNode = FALSE
	EndGlobalSection
	GlobalSection(ExtensibilityGlobals) = postSolution
		SolutionGuid = {14E3481D-ADEB-4105-B977-CD0E755A657A}
	EndGlobalSection
EndGlobal
